github.com/davecgh/go-spew v1.1.0/go.mod h1:J7Y8YcW2NihsgmVo/mv3lAwl/skON4iLHjSsI+c5H38=
github.com/davecgh/go-spew v1.1.1 h1:vj9j/u1bqnvCEfJOwUhtlOARqs3+rkHYY13jYWTU97c=
github.com/davecgh/go-spew v1.1.1/go.mod h1:J7Y8YcW2NihsgmVo/mv3lAwl/skON4iLHjSsI+c5H38=
github.com/fogleman/ease v0.0.0-20170301025033-8da417bf1776 h1:VRIbnDWRmAh5yBdz+J6yFMF5vso1It6vn+WmM/5l7MA=
github.com/fogleman/ease v0.0.0-20170301025033-8da417bf1776/go.mod h1:9wvnDu3YOfxzWM9Cst40msBF1C2UdQgDv962oTxSuMs=
github.com/go-gl/gl v0.0.0-20210315015930-ae072cafe09d h1:o81yRlBATU4PRn97lydmsq8hTRNXI4wlR/VvUQhFRVY=
github.com/go-gl/gl v0.0.0-20210315015930-ae072cafe09d/go.mod h1:482civXOzJJCPzJ4ZOX/pwvXBWSnzD4OKMdH4ClKGbk=
github.com/go-gl/glfw/v3.3/glfw v0.0.0-20210311203641-62640a716d48 h1:QrUfZrT8n72FUuiABt4tbu8PwDnOPAbnj3Mql1UhdRI=
github.com/go-gl/glfw/v3.3/glfw v0.0.0-20210311203641-62640a716d48/go.mod h1:tQ2UAYgL5IevRw8kRxooKSPJfGvJ9fJQFa0TUsXzTg8=
github.com/gopherjs/gopherjs v0.0.0-20210406100015-1e088ea4ee04 h1:Enykqupm0u6qiUZAc+SiFkMJVqt4o8knNcKJu8NdlJ0=
github.com/gopherjs/gopherjs v0.0.0-20210406100015-1e088ea4ee04/go.mod h1:wJfORRmW1u3UXTncJ5qlYoELFm8eSnnEO6hX4iZ3EWY=
github.com/goxjs/gl v0.0.0-20210104184919-e3fafc6f8f2a h1:zJSqvd6WeaSHaep4NmGZyVjkTsXKCaWbb5G5P+czKME=
github.com/goxjs/gl v0.0.0-20210104184919-e3fafc6f8f2a/go.mod h1:dy/f2gjY09hwVfIyATps4G2ai7/hLwLkc5TrPqONuXY=
github.com/goxjs/glfw v0.0.0-20191126052801-d2efb5f20838 h1:4bHrpuAtLi2HGQZTDqs0yq1smnSG/bJXm4cqelS7EsE=
github.com/goxjs/glfw v0.0.0-20191126052801-d2efb5f20838/go.mod h1:oS8P8gVOT4ywTcjV6wZlOU4GuVFQ8F5328KY3MJ79CY=
github.com/pmezard/go-difflib v1.0.0 h1:4DBwDE0NGyQoBHbLQYPwSUPoCMWR5BEzIk/f1lZbAQM=
github.com/pmezard/go-difflib v1.0.0/go.mod h1:iKH77koFhYxTK1pcRnkKkqfTogsbg7gZNVY4sRDYZ/4=
github.com/polygon-io/nanovgo v0.0.0-20210406222537-1c1e04bebee3 h1:l05Gu/FjlakPZRflTvOB289bXYMuYdF+Qtj6u1/JAIo=
github.com/polygon-io/nanovgo v0.0.0-20210406222537-1c1e04bebee3/go.mod h1:3sFQCuEakqbn0IP8+cBG/MFdBrWvVDU0pyLAuF+SGYI=
github.com/shibukawa/nanovgo v0.0.0-20160822101109-9141d09b3652 h1:7ORiLBcdIPEjwwbbjUpYIvy3Z6syqAhnfY/3m5DSs5M=
github.com/shibukawa/nanovgo v0.0.0-20160822101109-9141d09b3652/go.mod h1:A/HWQKoHKEbx5r+LI6Lns9g6vSROSGw59APgU2Zr+Cc=
github.com/sirupsen/logrus v1.8.1 h1:dJKuHgqk1NNQlqoA6BTlM1Wf9DOH3NBjQyu0h9+AZZE=
github.com/sirupsen/logrus v1.8.1/go.mod h1:yWOB1SBYBC5VeMP7gHvWumXLIWorT60ONWic61uBYv0=
github.com/stretchr/objx v0.1.0/go.mod h1:HFkY916IF+rwdDfMAkV7OtwuqBVzrE8GR6GFx+wExME=
github.com/stretchr/testify v1.2.2/go.mod h1:a8OnRcib4nhh0OaRAV+Yts87kKdq0PP7pXfy6kDkUVs=
github.com/stretchr/testify v1.7.0 h1:nwc3DEeHmmLAfoZucVR881uASk0Mfjw8xYJ99tb5CcY=
github.com/stretchr/testify v1.7.0/go.mod h1:6Fq8oRcR53rry900zMqJjRRixrwX3KX962/h/Wwjteg=
golang.org/x/sys v0.0.0-20191026070338-33540a1f6037 h1:YyJpGZS1sBuBCzLAR1VEpK193GlqGZbnPFnPV/5Rsb4=
golang.org/x/sys v0.0.0-20191026070338-33540a1f6037/go.mod h1:h1NjWce9XRLGQEsW7wpKNCjG9DtNlClVuFLEZdDNbEs=
gopkg.in/check.v1 v0.0.0-20161208181325-20d25e280405 h1:yhCVgyC4o1eVCa2tZl7eS0r+SDo693bJlVdllGtEeKM=
gopkg.in/check.v1 v0.0.0-20161208181325-20d25e280405/go.mod h1:Co6ibVJAznAaIkqp8huTwlJQCZ016jof/cbN4VW5Yz0=
gopkg.in/yaml.v3 v3.0.0-20200313102051-9f266ea9e77c h1:dUUwHk2QECo/6vqA44rthZ8ie2QXMNeKRTHCNY2nXvo=
gopkg.in/yaml.v3 v3.0.0-20200313102051-9f266ea9e77c/go.mod h1:K4uyk7z7BCEPqu6E+C64Yfv1cQ7kz7rIZviUmN+EgEM=
honnef.co/go/js/console v0.0.0-20150119023344-105276c43558 h1:h/U4Bu3p/OB5OvK6+7cXA1oleuDeFzZOTHuwZjMT36A=
honnef.co/go/js/console v0.0.0-20150119023344-105276c43558/go.mod h1:K5NtVTubnQQDVBcHCysv3MwAde+idPmWBeXxpHczwcU=
honnef.co/go/js/dom v0.0.0-20200509013220-d4405f7ab4d8 h1:ufAAo/LVT1mnsG3ivFo3EdGa6E5VeCoBHj0hrmP5Xg0=
honnef.co/go/js/dom v0.0.0-20200509013220-d4405f7ab4d8/go.mod h1:sUMDUKNB2ZcVjt92UnLy3cdGs+wDAcrPdV3JP6sVgA4=
